
Microsoft Visual Studio Solution File, Format Version 12.00
# Visual Studio 15
VisualStudioVersion = 15.0.28010.2048
MinimumVisualStudioVersion = 10.0.40219.1
Project("{FAE04EC0-301F-11D3-BF4B-00C04F79EFBC}") = "DataAccessLayer", "Checkit\DataAccessLayer.csproj", "{20559C41-CD29-4522-A7BC-D013C4E5F23C}"
EndProject
Project("{FAE04EC0-301F-11D3-BF4B-00C04F79EFBC}") = "Authorization", "Authorization\Authorization.csproj", "{23A51CFB-2C96-40CB-B694-05CEBD38C4C6}"
EndProject
Project("{FAE04EC0-301F-11D3-BF4B-00C04F79EFBC}") = "AuthorizationTests", "UnitTestProject1\AuthorizationTests.csproj", "{922B6777-38BD-400C-8983-C93981753D06}"
EndProject
Project("{FAE04EC0-301F-11D3-BF4B-00C04F79EFBC}") = "PasswordValidation", "PasswordValidation\PasswordValidation.csproj", "{F861096B-0B5C-4F77-BC4C-F5C3F8FE24DC}"
EndProject
Project("{FAE04EC0-301F-11D3-BF4B-00C04F79EFBC}") = "PasswordUnitTest", "PasswordUnitTest\PasswordUnitTest.csproj", "{73EB9B3F-E490-4C07-AD4B-8C602841BE21}"
EndProject
Project("{FAE04EC0-301F-11D3-BF4B-00C04F79EFBC}") = "UserManagement", "UserManagement\UserManagement.csproj", "{CA183B05-6EF0-404D-A96F-321EE55780E7}"
EndProject
Project("{9A19103F-16F7-4668-BE54-9A1E7A4F7556}") = "Logging", "ClassLibrary1\Logging.csproj", "{DDC8153D-C224-4269-8B81-2324D31B8C29}"
EndProject
Project("{FAE04EC0-301F-11D3-BF4B-00C04F79EFBC}") = "CheckIt", "..\..\CheckIt\CheckIt\CheckIt\CheckIt.csproj", "{265E1364-8097-4F48-B413-B3DBA5175D61}"
EndProject
Global
	GlobalSection(SolutionConfigurationPlatforms) = preSolution
		Debug|Any CPU = Debug|Any CPU
		Release|Any CPU = Release|Any CPU
	EndGlobalSection
	GlobalSection(ProjectConfigurationPlatforms) = postSolution
		{20559C41-CD29-4522-A7BC-D013C4E5F23C}.Debug|Any CPU.ActiveCfg = Debug|Any CPU
		{20559C41-CD29-4522-A7BC-D013C4E5F23C}.Debug|Any CPU.Build.0 = Debug|Any CPU
		{20559C41-CD29-4522-A7BC-D013C4E5F23C}.Release|Any CPU.ActiveCfg = Release|Any CPU
		{20559C41-CD29-4522-A7BC-D013C4E5F23C}.Release|Any CPU.Build.0 = Release|Any CPU
		{23A51CFB-2C96-40CB-B694-05CEBD38C4C6}.Debug|Any CPU.ActiveCfg = Debug|Any CPU
		{23A51CFB-2C96-40CB-B694-05CEBD38C4C6}.Debug|Any CPU.Build.0 = Debug|Any CPU
		{23A51CFB-2C96-40CB-B694-05CEBD38C4C6}.Release|Any CPU.ActiveCfg = Release|Any CPU
		{23A51CFB-2C96-40CB-B694-05CEBD38C4C6}.Release|Any CPU.Build.0 = Release|Any CPU
		{922B6777-38BD-400C-8983-C93981753D06}.Debug|Any CPU.ActiveCfg = Debug|Any CPU
		{922B6777-38BD-400C-8983-C93981753D06}.Debug|Any CPU.Build.0 = Debug|Any CPU
		{922B6777-38BD-400C-8983-C93981753D06}.Release|Any CPU.ActiveCfg = Release|Any CPU
		{922B6777-38BD-400C-8983-C93981753D06}.Release|Any CPU.Build.0 = Release|Any CPU
		{F861096B-0B5C-4F77-BC4C-F5C3F8FE24DC}.Debug|Any CPU.ActiveCfg = Debug|Any CPU
		{F861096B-0B5C-4F77-BC4C-F5C3F8FE24DC}.Debug|Any CPU.Build.0 = Debug|Any CPU
		{F861096B-0B5C-4F77-BC4C-F5C3F8FE24DC}.Release|Any CPU.ActiveCfg = Release|Any CPU
		{F861096B-0B5C-4F77-BC4C-F5C3F8FE24DC}.Release|Any CPU.Build.0 = Release|Any CPU
		{73EB9B3F-E490-4C07-AD4B-8C602841BE21}.Debug|Any CPU.ActiveCfg = Debug|Any CPU
		{73EB9B3F-E490-4C07-AD4B-8C602841BE21}.Debug|Any CPU.Build.0 = Debug|Any CPU
		{73EB9B3F-E490-4C07-AD4B-8C602841BE21}.Release|Any CPU.ActiveCfg = Release|Any CPU
		{73EB9B3F-E490-4C07-AD4B-8C602841BE21}.Release|Any CPU.Build.0 = Release|Any CPU
		{CA183B05-6EF0-404D-A96F-321EE55780E7}.Debug|Any CPU.ActiveCfg = Debug|Any CPU
		{CA183B05-6EF0-404D-A96F-321EE55780E7}.Debug|Any CPU.Build.0 = Debug|Any CPU
		{CA183B05-6EF0-404D-A96F-321EE55780E7}.Release|Any CPU.ActiveCfg = Release|Any CPU
		{CA183B05-6EF0-404D-A96F-321EE55780E7}.Release|Any CPU.Build.0 = Release|Any CPU
		{DDC8153D-C224-4269-8B81-2324D31B8C29}.Debug|Any CPU.ActiveCfg = Debug|Any CPU
		{DDC8153D-C224-4269-8B81-2324D31B8C29}.Debug|Any CPU.Build.0 = Debug|Any CPU
		{DDC8153D-C224-4269-8B81-2324D31B8C29}.Release|Any CPU.ActiveCfg = Release|Any CPU
		{DDC8153D-C224-4269-8B81-2324D31B8C29}.Release|Any CPU.Build.0 = Release|Any CPU
		{265E1364-8097-4F48-B413-B3DBA5175D61}.Debug|Any CPU.ActiveCfg = Debug|Any CPU
		{265E1364-8097-4F48-B413-B3DBA5175D61}.Debug|Any CPU.Build.0 = Debug|Any CPU
		{265E1364-8097-4F48-B413-B3DBA5175D61}.Release|Any CPU.ActiveCfg = Release|Any CPU
		{265E1364-8097-4F48-B413-B3DBA5175D61}.Release|Any CPU.Build.0 = Release|Any CPU
	EndGlobalSection
	GlobalSection(SolutionProperties) = preSolution
		HideSolutionNode = FALSE
	EndGlobalSection
	GlobalSection(ExtensibilityGlobals) = postSolution
		SolutionGuid = {0070BB0D-50F7-441C-8E0B-DC0A0264CDD7}
	EndGlobalSection
EndGlobal
