
Microsoft Visual Studio Solution File, Format Version 12.00
# Visual Studio 15
VisualStudioVersion = 15.0.28010.2050
MinimumVisualStudioVersion = 10.0.40219.1
Project("{FAE04EC0-301F-11D3-BF4B-00C04F79EFBC}") = "Log", "Log\Log.csproj", "{428FE77C-8CC1-4531-A13D-5DF953BA2BDF}"
EndProject
Project("{FAE04EC0-301F-11D3-BF4B-00C04F79EFBC}") = "LogTest", "LogTest\LogTest.csproj", "{0CF9C46A-9AEF-4F55-885A-AC038C8E0892}"
EndProject
Global
	GlobalSection(SolutionConfigurationPlatforms) = preSolution
		Debug|Any CPU = Debug|Any CPU
		Release|Any CPU = Release|Any CPU
	EndGlobalSection
	GlobalSection(ProjectConfigurationPlatforms) = postSolution
		{428FE77C-8CC1-4531-A13D-5DF953BA2BDF}.Debug|Any CPU.ActiveCfg = Debug|Any CPU
		{428FE77C-8CC1-4531-A13D-5DF953BA2BDF}.Debug|Any CPU.Build.0 = Debug|Any CPU
		{428FE77C-8CC1-4531-A13D-5DF953BA2BDF}.Release|Any CPU.ActiveCfg = Release|Any CPU
		{428FE77C-8CC1-4531-A13D-5DF953BA2BDF}.Release|Any CPU.Build.0 = Release|Any CPU
		{0CF9C46A-9AEF-4F55-885A-AC038C8E0892}.Debug|Any CPU.ActiveCfg = Debug|Any CPU
		{0CF9C46A-9AEF-4F55-885A-AC038C8E0892}.Debug|Any CPU.Build.0 = Debug|Any CPU
		{0CF9C46A-9AEF-4F55-885A-AC038C8E0892}.Release|Any CPU.ActiveCfg = Release|Any CPU
		{0CF9C46A-9AEF-4F55-885A-AC038C8E0892}.Release|Any CPU.Build.0 = Release|Any CPU
	EndGlobalSection
	GlobalSection(SolutionProperties) = preSolution
		HideSolutionNode = FALSE
	EndGlobalSection
	GlobalSection(ExtensibilityGlobals) = postSolution
		SolutionGuid = {AFC2D60A-B383-4F94-BA8C-930DD06A1554}
	EndGlobalSection
EndGlobal
